
Microsoft Visual Studio Solution File, Format Version 10.00
# Visual C# Express 2008
Project("{FAE04EC0-301F-11D3-BF4B-00C04F79EFBC}") = "csinchi", "csinchi.csproj", "{343B16DB-3B72-43F6-AB1C-2E629DB15452}"
EndProject
Global
	GlobalSection(SolutionConfigurationPlatforms) = preSolution
		Debug|Any CPU = Debug|Any CPU
		Release|Any CPU = Release|Any CPU
	EndGlobalSection
	GlobalSection(ProjectConfigurationPlatforms) = postSolution
		{343B16DB-3B72-43F6-AB1C-2E629DB15452}.Debug|Any CPU.ActiveCfg = Debug|Any CPU
		{343B16DB-3B72-43F6-AB1C-2E629DB15452}.Debug|Any CPU.Build.0 = Debug|Any CPU
		{343B16DB-3B72-43F6-AB1C-2E629DB15452}.Release|Any CPU.ActiveCfg = Release|Any CPU
		{343B16DB-3B72-43F6-AB1C-2E629DB15452}.Release|Any CPU.Build.0 = Release|Any CPU
	EndGlobalSection
	GlobalSection(SolutionProperties) = preSolution
		HideSolutionNode = FALSE
	EndGlobalSection
EndGlobal
